// !$*UTF8*$!
{
	archiveVersion = 1;
	classes = {
	};
	objectVersion = 50;
	objects = {

/* Begin PBXBuildFile section */
		3618B11E211AB8AA00E43B26 /* ScorecardTableViewController.swift in Sources */ = {isa = PBXBuildFile; fileRef = 3618B11D211AB8AA00E43B26 /* ScorecardTableViewController.swift */; };
		3618B120211ABAEC00E43B26 /* ScorecardTableViewCell.swift in Sources */ = {isa = PBXBuildFile; fileRef = 3618B11F211ABAEC00E43B26 /* ScorecardTableViewCell.swift */; };
		3618B122211ABCAE00E43B26 /* EditScorecardViewController.swift in Sources */ = {isa = PBXBuildFile; fileRef = 3618B121211ABCAE00E43B26 /* EditScorecardViewController.swift */; };
		36660FEF211A1D90006636E8 /* HomeViewController.swift in Sources */ = {isa = PBXBuildFile; fileRef = 36660FEE211A1D90006636E8 /* HomeViewController.swift */; };
		3685845021176944000513A3 /* AppDelegate.swift in Sources */ = {isa = PBXBuildFile; fileRef = 3685844F21176944000513A3 /* AppDelegate.swift */; };
		3685845521176944000513A3 /* Main.storyboard in Resources */ = {isa = PBXBuildFile; fileRef = 3685845321176944000513A3 /* Main.storyboard */; };
		3685845721176945000513A3 /* Assets.xcassets in Resources */ = {isa = PBXBuildFile; fileRef = 3685845621176945000513A3 /* Assets.xcassets */; };
		3685845A21176945000513A3 /* LaunchScreen.storyboard in Resources */ = {isa = PBXBuildFile; fileRef = 3685845821176945000513A3 /* LaunchScreen.storyboard */; };
		3685846421176B66000513A3 /* Company.swift in Sources */ = {isa = PBXBuildFile; fileRef = 3685846321176B66000513A3 /* Company.swift */; };
		3685846621179F1B000513A3 /* LeadTableViewController.swift in Sources */ = {isa = PBXBuildFile; fileRef = 3685846521179F1B000513A3 /* LeadTableViewController.swift */; };
		36A395C62117C01400E39519 /* LeadTableViewCell.swift in Sources */ = {isa = PBXBuildFile; fileRef = 36A395C52117C01400E39519 /* LeadTableViewCell.swift */; };
		36A395CA2117CB8900E39519 /* AddLeadViewController.swift in Sources */ = {isa = PBXBuildFile; fileRef = 36A395C92117CB8900E39519 /* AddLeadViewController.swift */; };
		36A395CD21188CE000E39519 /* AddPreScreenViewController.swift in Sources */ = {isa = PBXBuildFile; fileRef = 36A395CC21188CE000E39519 /* AddPreScreenViewController.swift */; };
		36A395CF21188CFB00E39519 /* PreScreenTableViewController.swift in Sources */ = {isa = PBXBuildFile; fileRef = 36A395CE21188CFB00E39519 /* PreScreenTableViewController.swift */; };
		36A395D121188D1200E39519 /* PreScreenTableViewCell.swift in Sources */ = {isa = PBXBuildFile; fileRef = 36A395D021188D1200E39519 /* PreScreenTableViewCell.swift */; };
		36F0B937211C84D4004CDAB1 /* DiligenceTableViewController.swift in Sources */ = {isa = PBXBuildFile; fileRef = 36F0B936211C84D4004CDAB1 /* DiligenceTableViewController.swift */; };
		36F0B939211C84EC004CDAB1 /* DiligenceTableViewCell.swift in Sources */ = {isa = PBXBuildFile; fileRef = 36F0B938211C84EC004CDAB1 /* DiligenceTableViewCell.swift */; };
		36F0B93B211C8511004CDAB1 /* EditDiligenceViewController.swift in Sources */ = {isa = PBXBuildFile; fileRef = 36F0B93A211C8511004CDAB1 /* EditDiligenceViewController.swift */; };
/* End PBXBuildFile section */

/* Begin PBXFileReference section */
		3618B11D211AB8AA00E43B26 /* ScorecardTableViewController.swift */ = {isa = PBXFileReference; lastKnownFileType = sourcecode.swift; path = ScorecardTableViewController.swift; sourceTree = "<group>"; };
		3618B11F211ABAEC00E43B26 /* ScorecardTableViewCell.swift */ = {isa = PBXFileReference; lastKnownFileType = sourcecode.swift; path = ScorecardTableViewCell.swift; sourceTree = "<group>"; };
		3618B121211ABCAE00E43B26 /* EditScorecardViewController.swift */ = {isa = PBXFileReference; lastKnownFileType = sourcecode.swift; path = EditScorecardViewController.swift; sourceTree = "<group>"; };
		36660FEE211A1D90006636E8 /* HomeViewController.swift */ = {isa = PBXFileReference; lastKnownFileType = sourcecode.swift; path = HomeViewController.swift; sourceTree = "<group>"; };
		3685844C21176944000513A3 /* Pigeon Capital.app */ = {isa = PBXFileReference; explicitFileType = wrapper.application; includeInIndex = 0; path = "Pigeon Capital.app"; sourceTree = BUILT_PRODUCTS_DIR; };
		3685844F21176944000513A3 /* AppDelegate.swift */ = {isa = PBXFileReference; lastKnownFileType = sourcecode.swift; path = AppDelegate.swift; sourceTree = "<group>"; };
		3685845421176944000513A3 /* Base */ = {isa = PBXFileReference; lastKnownFileType = file.storyboard; name = Base; path = Base.lproj/Main.storyboard; sourceTree = "<group>"; };
		3685845621176945000513A3 /* Assets.xcassets */ = {isa = PBXFileReference; lastKnownFileType = folder.assetcatalog; path = Assets.xcassets; sourceTree = "<group>"; };
		3685845921176945000513A3 /* Base */ = {isa = PBXFileReference; lastKnownFileType = file.storyboard; name = Base; path = Base.lproj/LaunchScreen.storyboard; sourceTree = "<group>"; };
		3685845B21176945000513A3 /* Info.plist */ = {isa = PBXFileReference; lastKnownFileType = text.plist.xml; path = Info.plist; sourceTree = "<group>"; };
		3685846321176B66000513A3 /* Company.swift */ = {isa = PBXFileReference; lastKnownFileType = sourcecode.swift; path = Company.swift; sourceTree = "<group>"; };
		3685846521179F1B000513A3 /* LeadTableViewController.swift */ = {isa = PBXFileReference; lastKnownFileType = sourcecode.swift; path = LeadTableViewController.swift; sourceTree = "<group>"; };
		36A395C52117C01400E39519 /* LeadTableViewCell.swift */ = {isa = PBXFileReference; lastKnownFileType = sourcecode.swift; path = LeadTableViewCell.swift; sourceTree = "<group>"; };
		36A395C92117CB8900E39519 /* AddLeadViewController.swift */ = {isa = PBXFileReference; lastKnownFileType = sourcecode.swift; path = AddLeadViewController.swift; sourceTree = "<group>"; };
		36A395CC21188CE000E39519 /* AddPreScreenViewController.swift */ = {isa = PBXFileReference; lastKnownFileType = sourcecode.swift; path = AddPreScreenViewController.swift; sourceTree = "<group>"; };
		36A395CE21188CFB00E39519 /* PreScreenTableViewController.swift */ = {isa = PBXFileReference; lastKnownFileType = sourcecode.swift; path = PreScreenTableViewController.swift; sourceTree = "<group>"; };
		36A395D021188D1200E39519 /* PreScreenTableViewCell.swift */ = {isa = PBXFileReference; lastKnownFileType = sourcecode.swift; path = PreScreenTableViewCell.swift; sourceTree = "<group>"; };
		36F0B936211C84D4004CDAB1 /* DiligenceTableViewController.swift */ = {isa = PBXFileReference; lastKnownFileType = sourcecode.swift; path = DiligenceTableViewController.swift; sourceTree = "<group>"; };
		36F0B938211C84EC004CDAB1 /* DiligenceTableViewCell.swift */ = {isa = PBXFileReference; lastKnownFileType = sourcecode.swift; path = DiligenceTableViewCell.swift; sourceTree = "<group>"; };
		36F0B93A211C8511004CDAB1 /* EditDiligenceViewController.swift */ = {isa = PBXFileReference; lastKnownFileType = sourcecode.swift; path = EditDiligenceViewController.swift; sourceTree = "<group>"; };
/* End PBXFileReference section */

/* Begin PBXFrameworksBuildPhase section */
		3685844921176944000513A3 /* Frameworks */ = {
			isa = PBXFrameworksBuildPhase;
			buildActionMask = 2147483647;
			files = (
			);
			runOnlyForDeploymentPostprocessing = 0;
		};
/* End PBXFrameworksBuildPhase section */

/* Begin PBXGroup section */
		3618B11C211AB87400E43B26 /* Scorecard View Controllers */ = {
			isa = PBXGroup;
			children = (
				3618B11D211AB8AA00E43B26 /* ScorecardTableViewController.swift */,
				3618B11F211ABAEC00E43B26 /* ScorecardTableViewCell.swift */,
				3618B121211ABCAE00E43B26 /* EditScorecardViewController.swift */,
			);
			path = "Scorecard View Controllers";
			sourceTree = "<group>";
		};
		3685844321176944000513A3 = {
			isa = PBXGroup;
			children = (
				36660FEE211A1D90006636E8 /* HomeViewController.swift */,
				3685845321176944000513A3 /* Main.storyboard */,
				3685846221176B4B000513A3 /* Models */,
				3685846121176968000513A3 /* Lead View Controllers */,
				36A395CB2118884000E39519 /* Prescreen View Controllers */,
				3618B11C211AB87400E43B26 /* Scorecard View Controllers */,
				36F0B935211C8491004CDAB1 /* Diligence View Controllers */,
				3685844E21176944000513A3 /* Pigeon Capital */,
				3685844D21176944000513A3 /* Products */,
			);
			sourceTree = "<group>";
		};
		3685844D21176944000513A3 /* Products */ = {
			isa = PBXGroup;
			children = (
				3685844C21176944000513A3 /* Pigeon Capital.app */,
			);
			name = Products;
			sourceTree = "<group>";
		};
		3685844E21176944000513A3 /* Pigeon Capital */ = {
			isa = PBXGroup;
			children = (
				3685844F21176944000513A3 /* AppDelegate.swift */,
				3685845621176945000513A3 /* Assets.xcassets */,
				3685845821176945000513A3 /* LaunchScreen.storyboard */,
				3685845B21176945000513A3 /* Info.plist */,
			);
			path = "Pigeon Capital";
			sourceTree = "<group>";
		};
		3685846121176968000513A3 /* Lead View Controllers */ = {
			isa = PBXGroup;
			children = (
				36A395C92117CB8900E39519 /* AddLeadViewController.swift */,
				3685846521179F1B000513A3 /* LeadTableViewController.swift */,
				36A395C52117C01400E39519 /* LeadTableViewCell.swift */,
			);
			path = "Lead View Controllers";
			sourceTree = "<group>";
		};
		3685846221176B4B000513A3 /* Models */ = {
			isa = PBXGroup;
			children = (
				3685846321176B66000513A3 /* Company.swift */,
			);
			path = Models;
			sourceTree = "<group>";
		};
		36A395CB2118884000E39519 /* Prescreen View Controllers */ = {
			isa = PBXGroup;
			children = (
				36A395CC21188CE000E39519 /* AddPreScreenViewController.swift */,
				36A395CE21188CFB00E39519 /* PreScreenTableViewController.swift */,
				36A395D021188D1200E39519 /* PreScreenTableViewCell.swift */,
			);
			path = "Prescreen View Controllers";
			sourceTree = "<group>";
		};
		36F0B935211C8491004CDAB1 /* Diligence View Controllers */ = {
			isa = PBXGroup;
			children = (
				36F0B936211C84D4004CDAB1 /* DiligenceTableViewController.swift */,
				36F0B938211C84EC004CDAB1 /* DiligenceTableViewCell.swift */,
				36F0B93A211C8511004CDAB1 /* EditDiligenceViewController.swift */,
			);
			path = "Diligence View Controllers";
			sourceTree = "<group>";
		};
/* End PBXGroup section */

/* Begin PBXNativeTarget section */
		3685844B21176944000513A3 /* Pigeon Capital */ = {
			isa = PBXNativeTarget;
			buildConfigurationList = 3685845E21176945000513A3 /* Build configuration list for PBXNativeTarget "Pigeon Capital" */;
			buildPhases = (
				3685844821176944000513A3 /* Sources */,
				3685844921176944000513A3 /* Frameworks */,
				3685844A21176944000513A3 /* Resources */,
			);
			buildRules = (
			);
			dependencies = (
			);
			name = "Pigeon Capital";
			productName = "Pigeon Capital";
			productReference = 3685844C21176944000513A3 /* Pigeon Capital.app */;
			productType = "com.apple.product-type.application";
		};
/* End PBXNativeTarget section */

/* Begin PBXProject section */
		3685844421176944000513A3 /* Project object */ = {
			isa = PBXProject;
			attributes = {
				LastSwiftUpdateCheck = 0940;
				LastUpgradeCheck = 0940;
				ORGANIZATIONNAME = "The Duke";
				TargetAttributes = {
					3685844B21176944000513A3 = {
						CreatedOnToolsVersion = 9.4.1;
					};
				};
			};
			buildConfigurationList = 3685844721176944000513A3 /* Build configuration list for PBXProject "Pigeon Capital" */;
			compatibilityVersion = "Xcode 9.3";
			developmentRegion = en;
			hasScannedForEncodings = 0;
			knownRegions = (
				en,
				Base,
			);
			mainGroup = 3685844321176944000513A3;
			productRefGroup = 3685844D21176944000513A3 /* Products */;
			projectDirPath = "";
			projectRoot = "";
			targets = (
				3685844B21176944000513A3 /* Pigeon Capital */,
			);
		};
/* End PBXProject section */

/* Begin PBXResourcesBuildPhase section */
		3685844A21176944000513A3 /* Resources */ = {
			isa = PBXResourcesBuildPhase;
			buildActionMask = 2147483647;
			files = (
				3685845A21176945000513A3 /* LaunchScreen.storyboard in Resources */,
				3685845721176945000513A3 /* Assets.xcassets in Resources */,
				3685845521176944000513A3 /* Main.storyboard in Resources */,
			);
			runOnlyForDeploymentPostprocessing = 0;
		};
/* End PBXResourcesBuildPhase section */

/* Begin PBXSourcesBuildPhase section */
		3685844821176944000513A3 /* Sources */ = {
			isa = PBXSourcesBuildPhase;
			buildActionMask = 2147483647;
			files = (
				36F0B93B211C8511004CDAB1 /* EditDiligenceViewController.swift in Sources */,
				3618B120211ABAEC00E43B26 /* ScorecardTableViewCell.swift in Sources */,
				36A395CD21188CE000E39519 /* AddPreScreenViewController.swift in Sources */,
				36A395D121188D1200E39519 /* PreScreenTableViewCell.swift in Sources */,
				3685846621179F1B000513A3 /* LeadTableViewController.swift in Sources */,
				36A395CF21188CFB00E39519 /* PreScreenTableViewController.swift in Sources */,
				3618B122211ABCAE00E43B26 /* EditScorecardViewController.swift in Sources */,
				36660FEF211A1D90006636E8 /* HomeViewController.swift in Sources */,
				3685845021176944000513A3 /* AppDelegate.swift in Sources */,
				36F0B937211C84D4004CDAB1 /* DiligenceTableViewController.swift in Sources */,
				3618B11E211AB8AA00E43B26 /* ScorecardTableViewController.swift in Sources */,
				3685846421176B66000513A3 /* Company.swift in Sources */,
				36A395C62117C01400E39519 /* LeadTableViewCell.swift in Sources */,
				36F0B939211C84EC004CDAB1 /* DiligenceTableViewCell.swift in Sources */,
				36A395CA2117CB8900E39519 /* AddLeadViewController.swift in Sources */,
			);
			runOnlyForDeploymentPostprocessing = 0;
		};
/* End PBXSourcesBuildPhase section */

/* Begin PBXVariantGroup section */
		3685845321176944000513A3 /* Main.storyboard */ = {
			isa = PBXVariantGroup;
			children = (
				3685845421176944000513A3 /* Base */,
			);
			name = Main.storyboard;
			sourceTree = "<group>";
		};
		3685845821176945000513A3 /* LaunchScreen.storyboard */ = {
			isa = PBXVariantGroup;
			children = (
				3685845921176945000513A3 /* Base */,
			);
			name = LaunchScreen.storyboard;
			sourceTree = "<group>";
		};
/* End PBXVariantGroup section */

/* Begin XCBuildConfiguration section */
		3685845C21176945000513A3 /* Debug */ = {
			isa = XCBuildConfiguration;
			buildSettings = {
				ALWAYS_SEARCH_USER_PATHS = NO;
				CLANG_ANALYZER_NONNULL = YES;
				CLANG_ANALYZER_NUMBER_OBJECT_CONVERSION = YES_AGGRESSIVE;
				CLANG_CXX_LANGUAGE_STANDARD = "gnu++14";
				CLANG_CXX_LIBRARY = "libc++";
				CLANG_ENABLE_MODULES = YES;
				CLANG_ENABLE_OBJC_ARC = YES;
				CLANG_ENABLE_OBJC_WEAK = YES;
				CLANG_WARN_BLOCK_CAPTURE_AUTORELEASING = YES;
				CLANG_WARN_BOOL_CONVERSION = YES;
				CLANG_WARN_COMMA = YES;
				CLANG_WARN_CONSTANT_CONVERSION = YES;
				CLANG_WARN_DEPRECATED_OBJC_IMPLEMENTATIONS = YES;
				CLANG_WARN_DIRECT_OBJC_ISA_USAGE = YES_ERROR;
				CLANG_WARN_DOCUMENTATION_COMMENTS = YES;
				CLANG_WARN_EMPTY_BODY = YES;
				CLANG_WARN_ENUM_CONVERSION = YES;
				CLANG_WARN_INFINITE_RECURSION = YES;
				CLANG_WARN_INT_CONVERSION = YES;
				CLANG_WARN_NON_LITERAL_NULL_CONVERSION = YES;
				CLANG_WARN_OBJC_IMPLICIT_RETAIN_SELF = YES;
				CLANG_WARN_OBJC_LITERAL_CONVERSION = YES;
				CLANG_WARN_OBJC_ROOT_CLASS = YES_ERROR;
				CLANG_WARN_RANGE_LOOP_ANALYSIS = YES;
				CLANG_WARN_STRICT_PROTOTYPES = YES;
				CLANG_WARN_SUSPICIOUS_MOVE = YES;
				CLANG_WARN_UNGUARDED_AVAILABILITY = YES_AGGRESSIVE;
				CLANG_WARN_UNREACHABLE_CODE = YES;
				CLANG_WARN__DUPLICATE_METHOD_MATCH = YES;
				CODE_SIGN_IDENTITY = "iPhone Developer";
				COPY_PHASE_STRIP = NO;
				DEBUG_INFORMATION_FORMAT = dwarf;
				ENABLE_STRICT_OBJC_MSGSEND = YES;
				ENABLE_TESTABILITY = YES;
				GCC_C_LANGUAGE_STANDARD = gnu11;
				GCC_DYNAMIC_NO_PIC = NO;
				GCC_NO_COMMON_BLOCKS = YES;
				GCC_OPTIMIZATION_LEVEL = 0;
				GCC_PREPROCESSOR_DEFINITIONS = (
					"DEBUG=1",
					"$(inherited)",
				);
				GCC_WARN_64_TO_32_BIT_CONVERSION = YES;
				GCC_WARN_ABOUT_RETURN_TYPE = YES_ERROR;
				GCC_WARN_UNDECLARED_SELECTOR = YES;
				GCC_WARN_UNINITIALIZED_AUTOS = YES_AGGRESSIVE;
				GCC_WARN_UNUSED_FUNCTION = YES;
				GCC_WARN_UNUSED_VARIABLE = YES;
				IPHONEOS_DEPLOYMENT_TARGET = 11.4;
				MTL_ENABLE_DEBUG_INFO = YES;
				ONLY_ACTIVE_ARCH = YES;
				SDKROOT = iphoneos;
				SWIFT_ACTIVE_COMPILATION_CONDITIONS = DEBUG;
				SWIFT_OPTIMIZATION_LEVEL = "-Onone";
			};
			name = Debug;
		};
		3685845D21176945000513A3 /* Release */ = {
			isa = XCBuildConfiguration;
			buildSettings = {
				ALWAYS_SEARCH_USER_PATHS = NO;
				CLANG_ANALYZER_NONNULL = YES;
				CLANG_ANALYZER_NUMBER_OBJECT_CONVERSION = YES_AGGRESSIVE;
				CLANG_CXX_LANGUAGE_STANDARD = "gnu++14";
				CLANG_CXX_LIBRARY = "libc++";
				CLANG_ENABLE_MODULES = YES;
				CLANG_ENABLE_OBJC_ARC = YES;
				CLANG_ENABLE_OBJC_WEAK = YES;
				CLANG_WARN_BLOCK_CAPTURE_AUTORELEASING = YES;
				CLANG_WARN_BOOL_CONVERSION = YES;
				CLANG_WARN_COMMA = YES;
				CLANG_WARN_CONSTANT_CONVERSION = YES;
				CLANG_WARN_DEPRECATED_OBJC_IMPLEMENTATIONS = YES;
				CLANG_WARN_DIRECT_OBJC_ISA_USAGE = YES_ERROR;
				CLANG_WARN_DOCUMENTATION_COMMENTS = YES;
				CLANG_WARN_EMPTY_BODY = YES;
				CLANG_WARN_ENUM_CONVERSION = YES;
				CLANG_WARN_INFINITE_RECURSION = YES;
				CLANG_WARN_INT_CONVERSION = YES;
				CLANG_WARN_NON_LITERAL_NULL_CONVERSION = YES;
				CLANG_WARN_OBJC_IMPLICIT_RETAIN_SELF = YES;
				CLANG_WARN_OBJC_LITERAL_CONVERSION = YES;
				CLANG_WARN_OBJC_ROOT_CLASS = YES_ERROR;
				CLANG_WARN_RANGE_LOOP_ANALYSIS = YES;
				CLANG_WARN_STRICT_PROTOTYPES = YES;
				CLANG_WARN_SUSPICIOUS_MOVE = YES;
				CLANG_WARN_UNGUARDED_AVAILABILITY = YES_AGGRESSIVE;
				CLANG_WARN_UNREACHABLE_CODE = YES;
				CLANG_WARN__DUPLICATE_METHOD_MATCH = YES;
				CODE_SIGN_IDENTITY = "iPhone Developer";
				COPY_PHASE_STRIP = NO;
				DEBUG_INFORMATION_FORMAT = "dwarf-with-dsym";
				ENABLE_NS_ASSERTIONS = NO;
				ENABLE_STRICT_OBJC_MSGSEND = YES;
				GCC_C_LANGUAGE_STANDARD = gnu11;
				GCC_NO_COMMON_BLOCKS = YES;
				GCC_WARN_64_TO_32_BIT_CONVERSION = YES;
				GCC_WARN_ABOUT_RETURN_TYPE = YES_ERROR;
				GCC_WARN_UNDECLARED_SELECTOR = YES;
				GCC_WARN_UNINITIALIZED_AUTOS = YES_AGGRESSIVE;
				GCC_WARN_UNUSED_FUNCTION = YES;
				GCC_WARN_UNUSED_VARIABLE = YES;
				IPHONEOS_DEPLOYMENT_TARGET = 11.4;
				MTL_ENABLE_DEBUG_INFO = NO;
				SDKROOT = iphoneos;
				SWIFT_COMPILATION_MODE = wholemodule;
				SWIFT_OPTIMIZATION_LEVEL = "-O";
				VALIDATE_PRODUCT = YES;
			};
			name = Release;
		};
		3685845F21176945000513A3 /* Debug */ = {
			isa = XCBuildConfiguration;
			buildSettings = {
				ASSETCATALOG_COMPILER_APPICON_NAME = AppIcon;
				CODE_SIGN_STYLE = Automatic;
				DEVELOPMENT_TEAM = PKPCSNSG45;
				INFOPLIST_FILE = "Pigeon Capital/Info.plist";
				LD_RUNPATH_SEARCH_PATHS = (
					"$(inherited)",
					"@executable_path/Frameworks",
				);
				PRODUCT_BUNDLE_IDENTIFIER = "com.example.Pigeon-Capital";
				PRODUCT_NAME = "$(TARGET_NAME)";
				SWIFT_VERSION = 4.0;
				TARGETED_DEVICE_FAMILY = 2;
			};
			name = Debug;
		};
		3685846021176945000513A3 /* Release */ = {
			isa = XCBuildConfiguration;
			buildSettings = {
				ASSETCATALOG_COMPILER_APPICON_NAME = AppIcon;
				CODE_SIGN_STYLE = Automatic;
				DEVELOPMENT_TEAM = PKPCSNSG45;
				INFOPLIST_FILE = "Pigeon Capital/Info.plist";
				LD_RUNPATH_SEARCH_PATHS = (
					"$(inherited)",
					"@executable_path/Frameworks",
				);
				PRODUCT_BUNDLE_IDENTIFIER = "com.example.Pigeon-Capital";
				PRODUCT_NAME = "$(TARGET_NAME)";
				SWIFT_VERSION = 4.0;
				TARGETED_DEVICE_FAMILY = 2;
			};
			name = Release;
		};
/* End XCBuildConfiguration section */

/* Begin XCConfigurationList section */
		3685844721176944000513A3 /* Build configuration list for PBXProject "Pigeon Capital" */ = {
			isa = XCConfigurationList;
			buildConfigurations = (
				3685845C21176945000513A3 /* Debug */,
				3685845D21176945000513A3 /* Release */,
			);
			defaultConfigurationIsVisible = 0;
			defaultConfigurationName = Release;
		};
		3685845E21176945000513A3 /* Build configuration list for PBXNativeTarget "Pigeon Capital" */ = {
			isa = XCConfigurationList;
			buildConfigurations = (
				3685845F21176945000513A3 /* Debug */,
				3685846021176945000513A3 /* Release */,
			);
			defaultConfigurationIsVisible = 0;
			defaultConfigurationName = Release;
		};
/* End XCConfigurationList section */
	};
	rootObject = 3685844421176944000513A3 /* Project object */;
}
